
Microsoft Visual Studio Solution File, Format Version 12.00
# Visual Studio Version 17
VisualStudioVersion = 17.9.34728.123
MinimumVisualStudioVersion = 10.0.40219.1
Project("{FAE04EC0-301F-11D3-BF4B-00C04F79EFBC}") = "MatchGame", "MatchGame\MatchGame.csproj", "{1763B409-2F60-45B5-AE14-00EBA7DA9D70}"
EndProject
Project("{FAE04EC0-301F-11D3-BF4B-00C04F79EFBC}") = "ExperimentWithControls", "ExperimentWithControls\ExperimentWithControls.csproj", "{3CA496D6-827C-43B0-BD4D-C926E040A890}"
EndProject
Global
	GlobalSection(SolutionConfigurationPlatforms) = preSolution
		Debug|Any CPU = Debug|Any CPU
		Release|Any CPU = Release|Any CPU
	EndGlobalSection
	GlobalSection(ProjectConfigurationPlatforms) = postSolution
		{1763B409-2F60-45B5-AE14-00EBA7DA9D70}.Debug|Any CPU.ActiveCfg = Debug|Any CPU
		{1763B409-2F60-45B5-AE14-00EBA7DA9D70}.Debug|Any CPU.Build.0 = Debug|Any CPU
		{1763B409-2F60-45B5-AE14-00EBA7DA9D70}.Release|Any CPU.ActiveCfg = Release|Any CPU
		{1763B409-2F60-45B5-AE14-00EBA7DA9D70}.Release|Any CPU.Build.0 = Release|Any CPU
		{3CA496D6-827C-43B0-BD4D-C926E040A890}.Debug|Any CPU.ActiveCfg = Debug|Any CPU
		{3CA496D6-827C-43B0-BD4D-C926E040A890}.Debug|Any CPU.Build.0 = Debug|Any CPU
		{3CA496D6-827C-43B0-BD4D-C926E040A890}.Release|Any CPU.ActiveCfg = Release|Any CPU
		{3CA496D6-827C-43B0-BD4D-C926E040A890}.Release|Any CPU.Build.0 = Release|Any CPU
	EndGlobalSection
	GlobalSection(SolutionProperties) = preSolution
		HideSolutionNode = FALSE
	EndGlobalSection
	GlobalSection(ExtensibilityGlobals) = postSolution
		SolutionGuid = {047E0AEF-1311-48CC-9136-F7633B5E0247}
	EndGlobalSection
EndGlobal
